{
    "name": "playground",
    "lockfileVersion": 3,
    "requires": true,
    "packages": {
        "": {
            "dependencies": {
                "thunderbun": "file:../package"
            }
        },
        "../package": {
            "name": "thunderbun",
            "version": "0.5.0-beta.0",
            "license": "MIT",
            "dependencies": {
                
                "archiver": "^7.0.1",
                "rpc-anywhere": "1.5.0",
                "tar": "^6.2.1"
            },
            "bin": {
                "thunderbun": "bin/thunderbun.cjs"
            },
            "devDependencies": {
                "@types/archiver": "^6.0.3",
                "@types/bun": "1.1.9"
            }
        },
        "node_modules/thunderbun": {
            "resolved": "../package",
            "link": true
        }
    }
}
